
Microsoft Visual Studio Solution File, Format Version 12.00
# Visual Studio Version 16
VisualStudioVersion = 16.0.31205.134
MinimumVisualStudioVersion = 10.0.40219.1
Project("{FAE04EC0-301F-11D3-BF4B-00C04F79EFBC}") = "Testovoe_zadanie", "Testovoe_zadanie\Testovoe_zadanie.csproj", "{534BE710-AD8C-4574-B5A0-117F25EB9797}"
EndProject
Project("{FAE04EC0-301F-11D3-BF4B-00C04F79EFBC}") = "MyLib", "MyLib\MyLib.csproj", "{C2CDA29E-6BA1-4037-BC13-5CFE2A1085AC}"
EndProject
Global
	GlobalSection(SolutionConfigurationPlatforms) = preSolution
		Debug|Any CPU = Debug|Any CPU
		Release|Any CPU = Release|Any CPU
	EndGlobalSection
	GlobalSection(ProjectConfigurationPlatforms) = postSolution
		{534BE710-AD8C-4574-B5A0-117F25EB9797}.Debug|Any CPU.ActiveCfg = Debug|Any CPU
		{534BE710-AD8C-4574-B5A0-117F25EB9797}.Debug|Any CPU.Build.0 = Debug|Any CPU
		{534BE710-AD8C-4574-B5A0-117F25EB9797}.Release|Any CPU.ActiveCfg = Release|Any CPU
		{534BE710-AD8C-4574-B5A0-117F25EB9797}.Release|Any CPU.Build.0 = Release|Any CPU
		{C2CDA29E-6BA1-4037-BC13-5CFE2A1085AC}.Debug|Any CPU.ActiveCfg = Debug|Any CPU
		{C2CDA29E-6BA1-4037-BC13-5CFE2A1085AC}.Debug|Any CPU.Build.0 = Debug|Any CPU
		{C2CDA29E-6BA1-4037-BC13-5CFE2A1085AC}.Release|Any CPU.ActiveCfg = Release|Any CPU
		{C2CDA29E-6BA1-4037-BC13-5CFE2A1085AC}.Release|Any CPU.Build.0 = Release|Any CPU
	EndGlobalSection
	GlobalSection(SolutionProperties) = preSolution
		HideSolutionNode = FALSE
	EndGlobalSection
	GlobalSection(ExtensibilityGlobals) = postSolution
		SolutionGuid = {D7F40FC1-6C00-4542-8E8A-0418AFE61B8B}
	EndGlobalSection
EndGlobal
